
Microsoft Visual Studio Solution File, Format Version 12.00
# Visual Studio Version 17
VisualStudioVersion = 17.11.35327.3
MinimumVisualStudioVersion = 10.0.40219.1
Project("{8BC9CEB8-8B4A-11D0-8D11-00A0C91BC942}") = "20241121QtWindow", "20241121QtWindow.vcxproj", "{138EDA33-BB7A-4889-9055-E41D708E9E92}"
EndProject
Global
	GlobalSection(SolutionConfigurationPlatforms) = preSolution
		Debug|x64 = Debug|x64
		Release|x64 = Release|x64
	EndGlobalSection
	GlobalSection(ProjectConfigurationPlatforms) = postSolution
		{138EDA33-BB7A-4889-9055-E41D708E9E92}.Debug|x64.ActiveCfg = Debug|x64
		{138EDA33-BB7A-4889-9055-E41D708E9E92}.Debug|x64.Build.0 = Debug|x64
		{138EDA33-BB7A-4889-9055-E41D708E9E92}.Release|x64.ActiveCfg = Release|x64
		{138EDA33-BB7A-4889-9055-E41D708E9E92}.Release|x64.Build.0 = Release|x64
	EndGlobalSection
	GlobalSection(SolutionProperties) = preSolution
		HideSolutionNode = FALSE
	EndGlobalSection
	GlobalSection(ExtensibilityGlobals) = postSolution
		SolutionGuid = {DE20428E-432D-433E-8CAA-D65D7524CF99}
	EndGlobalSection
EndGlobal
